// !$*UTF8*$!
{
	archiveVersion = 1;
	classes = {
	};
	objectVersion = 46;
	objects = {

/* Begin PBXBuildFile section */
		1833C8F91C2EDDBA006DFC0B /* AppDelegate.swift in Sources */ = {isa = PBXBuildFile; fileRef = 1833C8F81C2EDDBA006DFC0B /* AppDelegate.swift */; };
		1833C8FB1C2EDDBA006DFC0B /* ViewController.swift in Sources */ = {isa = PBXBuildFile; fileRef = 1833C8FA1C2EDDBA006DFC0B /* ViewController.swift */; };
		1833C8FE1C2EDDBA006DFC0B /* Main.storyboard in Resources */ = {isa = PBXBuildFile; fileRef = 1833C8FC1C2EDDBA006DFC0B /* Main.storyboard */; };
		1833C9001C2EDDBA006DFC0B /* Assets.xcassets in Resources */ = {isa = PBXBuildFile; fileRef = 1833C8FF1C2EDDBA006DFC0B /* Assets.xcassets */; };
		1833C9031C2EDDBA006DFC0B /* LaunchScreen.storyboard in Resources */ = {isa = PBXBuildFile; fileRef = 1833C9011C2EDDBA006DFC0B /* LaunchScreen.storyboard */; };
		1833C90E1C2EDDBA006DFC0B /* Exercise_1Tests.swift in Sources */ = {isa = PBXBuildFile; fileRef = 1833C90D1C2EDDBA006DFC0B /* Exercise_1Tests.swift */; };
		1833C9191C2EDDBA006DFC0B /* Exercise_1UITests.swift in Sources */ = {isa = PBXBuildFile; fileRef = 1833C9181C2EDDBA006DFC0B /* Exercise_1UITests.swift */; };
/* End PBXBuildFile section */

/* Begin PBXContainerItemProxy section */
		1833C90A1C2EDDBA006DFC0B /* PBXContainerItemProxy */ = {
			isa = PBXContainerItemProxy;
			containerPortal = 1833C8ED1C2EDDBA006DFC0B /* Project object */;
			proxyType = 1;
			remoteGlobalIDString = 1833C8F41C2EDDBA006DFC0B;
			remoteInfo = "Exercise 1";
		};
		1833C9151C2EDDBA006DFC0B /* PBXContainerItemProxy */ = {
			isa = PBXContainerItemProxy;
			containerPortal = 1833C8ED1C2EDDBA006DFC0B /* Project object */;
			proxyType = 1;
			remoteGlobalIDString = 1833C8F41C2EDDBA006DFC0B;
			remoteInfo = "Exercise 1";
		};
/* End PBXContainerItemProxy section */

/* Begin PBXFileReference section */
		1833C8F51C2EDDBA006DFC0B /* Exercise 1.app */ = {isa = PBXFileReference; explicitFileType = wrapper.application; includeInIndex = 0; path = "Exercise 1.app"; sourceTree = BUILT_PRODUCTS_DIR; };
		1833C8F81C2EDDBA006DFC0B /* AppDelegate.swift */ = {isa = PBXFileReference; lastKnownFileType = sourcecode.swift; path = AppDelegate.swift; sourceTree = "<group>"; };
		1833C8FA1C2EDDBA006DFC0B /* ViewController.swift */ = {isa = PBXFileReference; lastKnownFileType = sourcecode.swift; path = ViewController.swift; sourceTree = "<group>"; };
		1833C8FD1C2EDDBA006DFC0B /* Base */ = {isa = PBXFileReference; lastKnownFileType = file.storyboard; name = Base; path = Base.lproj/Main.storyboard; sourceTree = "<group>"; };
		1833C8FF1C2EDDBA006DFC0B /* Assets.xcassets */ = {isa = PBXFileReference; lastKnownFileType = folder.assetcatalog; path = Assets.xcassets; sourceTree = "<group>"; };
		1833C9021C2EDDBA006DFC0B /* Base */ = {isa = PBXFileReference; lastKnownFileType = file.storyboard; name = Base; path = Base.lproj/LaunchScreen.storyboard; sourceTree = "<group>"; };
		1833C9041C2EDDBA006DFC0B /* Info.plist */ = {isa = PBXFileReference; lastKnownFileType = text.plist.xml; path = Info.plist; sourceTree = "<group>"; };
		1833C9091C2EDDBA006DFC0B /* Exercise 1Tests.xctest */ = {isa = PBXFileReference; explicitFileType = wrapper.cfbundle; includeInIndex = 0; path = "Exercise 1Tests.xctest"; sourceTree = BUILT_PRODUCTS_DIR; };
		1833C90D1C2EDDBA006DFC0B /* Exercise_1Tests.swift */ = {isa = PBXFileReference; lastKnownFileType = sourcecode.swift; path = Exercise_1Tests.swift; sourceTree = "<group>"; };
		1833C90F1C2EDDBA006DFC0B /* Info.plist */ = {isa = PBXFileReference; lastKnownFileType = text.plist.xml; path = Info.plist; sourceTree = "<group>"; };
		1833C9141C2EDDBA006DFC0B /* Exercise 1UITests.xctest */ = {isa = PBXFileReference; explicitFileType = wrapper.cfbundle; includeInIndex = 0; path = "Exercise 1UITests.xctest"; sourceTree = BUILT_PRODUCTS_DIR; };
		1833C9181C2EDDBA006DFC0B /* Exercise_1UITests.swift */ = {isa = PBXFileReference; lastKnownFileType = sourcecode.swift; path = Exercise_1UITests.swift; sourceTree = "<group>"; };
		1833C91A1C2EDDBA006DFC0B /* Info.plist */ = {isa = PBXFileReference; lastKnownFileType = text.plist.xml; path = Info.plist; sourceTree = "<group>"; };
/* End PBXFileReference section */

/* Begin PBXFrameworksBuildPhase section */
		1833C8F21C2EDDBA006DFC0B /* Frameworks */ = {
			isa = PBXFrameworksBuildPhase;
			buildActionMask = 2147483647;
			files = (
			);
			runOnlyForDeploymentPostprocessing = 0;
		};
		1833C9061C2EDDBA006DFC0B /* Frameworks */ = {
			isa = PBXFrameworksBuildPhase;
			buildActionMask = 2147483647;
			files = (
			);
			runOnlyForDeploymentPostprocessing = 0;
		};
		1833C9111C2EDDBA006DFC0B /* Frameworks */ = {
			isa = PBXFrameworksBuildPhase;
			buildActionMask = 2147483647;
			files = (
			);
			runOnlyForDeploymentPostprocessing = 0;
		};
/* End PBXFrameworksBuildPhase section */

/* Begin PBXGroup section */
		1833C8EC1C2EDDBA006DFC0B = {
			isa = PBXGroup;
			children = (
				1833C8F71C2EDDBA006DFC0B /* Exercise 1 */,
				1833C90C1C2EDDBA006DFC0B /* Exercise 1Tests */,
				1833C9171C2EDDBA006DFC0B /* Exercise 1UITests */,
				1833C8F61C2EDDBA006DFC0B /* Products */,
			);
			sourceTree = "<group>";
		};
		1833C8F61C2EDDBA006DFC0B /* Products */ = {
			isa = PBXGroup;
			children = (
				1833C8F51C2EDDBA006DFC0B /* Exercise 1.app */,
				1833C9091C2EDDBA006DFC0B /* Exercise 1Tests.xctest */,
				1833C9141C2EDDBA006DFC0B /* Exercise 1UITests.xctest */,
			);
			name = Products;
			sourceTree = "<group>";
		};
		1833C8F71C2EDDBA006DFC0B /* Exercise 1 */ = {
			isa = PBXGroup;
			children = (
				1833C8F81C2EDDBA006DFC0B /* AppDelegate.swift */,
				1833C8FA1C2EDDBA006DFC0B /* ViewController.swift */,
				1833C8FC1C2EDDBA006DFC0B /* Main.storyboard */,
				1833C8FF1C2EDDBA006DFC0B /* Assets.xcassets */,
				1833C9011C2EDDBA006DFC0B /* LaunchScreen.storyboard */,
				1833C9041C2EDDBA006DFC0B /* Info.plist */,
			);
			path = "Exercise 1";
			sourceTree = "<group>";
		};
		1833C90C1C2EDDBA006DFC0B /* Exercise 1Tests */ = {
			isa = PBXGroup;
			children = (
				1833C90D1C2EDDBA006DFC0B /* Exercise_1Tests.swift */,
				1833C90F1C2EDDBA006DFC0B /* Info.plist */,
			);
			path = "Exercise 1Tests";
			sourceTree = "<group>";
		};
		1833C9171C2EDDBA006DFC0B /* Exercise 1UITests */ = {
			isa = PBXGroup;
			children = (
				1833C9181C2EDDBA006DFC0B /* Exercise_1UITests.swift */,
				1833C91A1C2EDDBA006DFC0B /* Info.plist */,
			);
			path = "Exercise 1UITests";
			sourceTree = "<group>";
		};
/* End PBXGroup section */

/* Begin PBXNativeTarget section */
		1833C8F41C2EDDBA006DFC0B /* Exercise 1 */ = {
			isa = PBXNativeTarget;
			buildConfigurationList = 1833C91D1C2EDDBA006DFC0B /* Build configuration list for PBXNativeTarget "Exercise 1" */;
			buildPhases = (
				1833C8F11C2EDDBA006DFC0B /* Sources */,
				1833C8F21C2EDDBA006DFC0B /* Frameworks */,
				1833C8F31C2EDDBA006DFC0B /* Resources */,
			);
			buildRules = (
			);
			dependencies = (
			);
			name = "Exercise 1";
			productName = "Exercise 1";
			productReference = 1833C8F51C2EDDBA006DFC0B /* Exercise 1.app */;
			productType = "com.apple.product-type.application";
		};
		1833C9081C2EDDBA006DFC0B /* Exercise 1Tests */ = {
			isa = PBXNativeTarget;
			buildConfigurationList = 1833C9201C2EDDBA006DFC0B /* Build configuration list for PBXNativeTarget "Exercise 1Tests" */;
			buildPhases = (
				1833C9051C2EDDBA006DFC0B /* Sources */,
				1833C9061C2EDDBA006DFC0B /* Frameworks */,
				1833C9071C2EDDBA006DFC0B /* Resources */,
			);
			buildRules = (
			);
			dependencies = (
				1833C90B1C2EDDBA006DFC0B /* PBXTargetDependency */,
			);
			name = "Exercise 1Tests";
			productName = "Exercise 1Tests";
			productReference = 1833C9091C2EDDBA006DFC0B /* Exercise 1Tests.xctest */;
			productType = "com.apple.product-type.bundle.unit-test";
		};
		1833C9131C2EDDBA006DFC0B /* Exercise 1UITests */ = {
			isa = PBXNativeTarget;
			buildConfigurationList = 1833C9231C2EDDBA006DFC0B /* Build configuration list for PBXNativeTarget "Exercise 1UITests" */;
			buildPhases = (
				1833C9101C2EDDBA006DFC0B /* Sources */,
				1833C9111C2EDDBA006DFC0B /* Frameworks */,
				1833C9121C2EDDBA006DFC0B /* Resources */,
			);
			buildRules = (
			);
			dependencies = (
				1833C9161C2EDDBA006DFC0B /* PBXTargetDependency */,
			);
			name = "Exercise 1UITests";
			productName = "Exercise 1UITests";
			productReference = 1833C9141C2EDDBA006DFC0B /* Exercise 1UITests.xctest */;
			productType = "com.apple.product-type.bundle.ui-testing";
		};
/* End PBXNativeTarget section */

/* Begin PBXProject section */
		1833C8ED1C2EDDBA006DFC0B /* Project object */ = {
			isa = PBXProject;
			attributes = {
				LastSwiftUpdateCheck = 0720;
				LastUpgradeCheck = 0720;
				ORGANIZATIONNAME = "Elie Khaled Shoucair";
				TargetAttributes = {
					1833C8F41C2EDDBA006DFC0B = {
						CreatedOnToolsVersion = 7.2;
					};
					1833C9081C2EDDBA006DFC0B = {
						CreatedOnToolsVersion = 7.2;
						TestTargetID = 1833C8F41C2EDDBA006DFC0B;
					};
					1833C9131C2EDDBA006DFC0B = {
						CreatedOnToolsVersion = 7.2;
						TestTargetID = 1833C8F41C2EDDBA006DFC0B;
					};
				};
			};
			buildConfigurationList = 1833C8F01C2EDDBA006DFC0B /* Build configuration list for PBXProject "Exercise 1" */;
			compatibilityVersion = "Xcode 3.2";
			developmentRegion = English;
			hasScannedForEncodings = 0;
			knownRegions = (
				en,
				Base,
			);
			mainGroup = 1833C8EC1C2EDDBA006DFC0B;
			productRefGroup = 1833C8F61C2EDDBA006DFC0B /* Products */;
			projectDirPath = "";
			projectRoot = "";
			targets = (
				1833C8F41C2EDDBA006DFC0B /* Exercise 1 */,
				1833C9081C2EDDBA006DFC0B /* Exercise 1Tests */,
				1833C9131C2EDDBA006DFC0B /* Exercise 1UITests */,
			);
		};
/* End PBXProject section */

/* Begin PBXResourcesBuildPhase section */
		1833C8F31C2EDDBA006DFC0B /* Resources */ = {
			isa = PBXResourcesBuildPhase;
			buildActionMask = 2147483647;
			files = (
				1833C9031C2EDDBA006DFC0B /* LaunchScreen.storyboard in Resources */,
				1833C9001C2EDDBA006DFC0B /* Assets.xcassets in Resources */,
				1833C8FE1C2EDDBA006DFC0B /* Main.storyboard in Resources */,
			);
			runOnlyForDeploymentPostprocessing = 0;
		};
		1833C9071C2EDDBA006DFC0B /* Resources */ = {
			isa = PBXResourcesBuildPhase;
			buildActionMask = 2147483647;
			files = (
			);
			runOnlyForDeploymentPostprocessing = 0;
		};
		1833C9121C2EDDBA006DFC0B /* Resources */ = {
			isa = PBXResourcesBuildPhase;
			buildActionMask = 2147483647;
			files = (
			);
			runOnlyForDeploymentPostprocessing = 0;
		};
/* End PBXResourcesBuildPhase section */

/* Begin PBXSourcesBuildPhase section */
		1833C8F11C2EDDBA006DFC0B /* Sources */ = {
			isa = PBXSourcesBuildPhase;
			buildActionMask = 2147483647;
			files = (
				1833C8FB1C2EDDBA006DFC0B /* ViewController.swift in Sources */,
				1833C8F91C2EDDBA006DFC0B /* AppDelegate.swift in Sources */,
			);
			runOnlyForDeploymentPostprocessing = 0;
		};
		1833C9051C2EDDBA006DFC0B /* Sources */ = {
			isa = PBXSourcesBuildPhase;
			buildActionMask = 2147483647;
			files = (
				1833C90E1C2EDDBA006DFC0B /* Exercise_1Tests.swift in Sources */,
			);
			runOnlyForDeploymentPostprocessing = 0;
		};
		1833C9101C2EDDBA006DFC0B /* Sources */ = {
			isa = PBXSourcesBuildPhase;
			buildActionMask = 2147483647;
			files = (
				1833C9191C2EDDBA006DFC0B /* Exercise_1UITests.swift in Sources */,
			);
			runOnlyForDeploymentPostprocessing = 0;
		};
/* End PBXSourcesBuildPhase section */

/* Begin PBXTargetDependency section */
		1833C90B1C2EDDBA006DFC0B /* PBXTargetDependency */ = {
			isa = PBXTargetDependency;
			target = 1833C8F41C2EDDBA006DFC0B /* Exercise 1 */;
			targetProxy = 1833C90A1C2EDDBA006DFC0B /* PBXContainerItemProxy */;
		};
		1833C9161C2EDDBA006DFC0B /* PBXTargetDependency */ = {
			isa = PBXTargetDependency;
			target = 1833C8F41C2EDDBA006DFC0B /* Exercise 1 */;
			targetProxy = 1833C9151C2EDDBA006DFC0B /* PBXContainerItemProxy */;
		};
/* End PBXTargetDependency section */

/* Begin PBXVariantGroup section */
		1833C8FC1C2EDDBA006DFC0B /* Main.storyboard */ = {
			isa = PBXVariantGroup;
			children = (
				1833C8FD1C2EDDBA006DFC0B /* Base */,
			);
			name = Main.storyboard;
			sourceTree = "<group>";
		};
		1833C9011C2EDDBA006DFC0B /* LaunchScreen.storyboard */ = {
			isa = PBXVariantGroup;
			children = (
				1833C9021C2EDDBA006DFC0B /* Base */,
			);
			name = LaunchScreen.storyboard;
			sourceTree = "<group>";
		};
/* End PBXVariantGroup section */

/* Begin XCBuildConfiguration section */
		1833C91B1C2EDDBA006DFC0B /* Debug */ = {
			isa = XCBuildConfiguration;
			buildSettings = {
				ALWAYS_SEARCH_USER_PATHS = NO;
				CLANG_CXX_LANGUAGE_STANDARD = "gnu++0x";
				CLANG_CXX_LIBRARY = "libc++";
				CLANG_ENABLE_MODULES = YES;
				CLANG_ENABLE_OBJC_ARC = YES;
				CLANG_WARN_BOOL_CONVERSION = YES;
				CLANG_WARN_CONSTANT_CONVERSION = YES;
				CLANG_WARN_DIRECT_OBJC_ISA_USAGE = YES_ERROR;
				CLANG_WARN_EMPTY_BODY = YES;
				CLANG_WARN_ENUM_CONVERSION = YES;
				CLANG_WARN_INT_CONVERSION = YES;
				CLANG_WARN_OBJC_ROOT_CLASS = YES_ERROR;
				CLANG_WARN_UNREACHABLE_CODE = YES;
				CLANG_WARN__DUPLICATE_METHOD_MATCH = YES;
				"CODE_SIGN_IDENTITY[sdk=iphoneos*]" = "iPhone Developer";
				COPY_PHASE_STRIP = NO;
				DEBUG_INFORMATION_FORMAT = dwarf;
				ENABLE_STRICT_OBJC_MSGSEND = YES;
				ENABLE_TESTABILITY = YES;
				GCC_C_LANGUAGE_STANDARD = gnu99;
				GCC_DYNAMIC_NO_PIC = NO;
				GCC_NO_COMMON_BLOCKS = YES;
				GCC_OPTIMIZATION_LEVEL = 0;
				GCC_PREPROCESSOR_DEFINITIONS = (
					"DEBUG=1",
					"$(inherited)",
				);
				GCC_WARN_64_TO_32_BIT_CONVERSION = YES;
				GCC_WARN_ABOUT_RETURN_TYPE = YES_ERROR;
				GCC_WARN_UNDECLARED_SELECTOR = YES;
				GCC_WARN_UNINITIALIZED_AUTOS = YES_AGGRESSIVE;
				GCC_WARN_UNUSED_FUNCTION = YES;
				GCC_WARN_UNUSED_VARIABLE = YES;
				IPHONEOS_DEPLOYMENT_TARGET = 9.2;
				MTL_ENABLE_DEBUG_INFO = YES;
				ONLY_ACTIVE_ARCH = YES;
				SDKROOT = iphoneos;
				SWIFT_OPTIMIZATION_LEVEL = "-Onone";
			};
			name = Debug;
		};
		1833C91C1C2EDDBA006DFC0B /* Release */ = {
			isa = XCBuildConfiguration;
			buildSettings = {
				ALWAYS_SEARCH_USER_PATHS = NO;
				CLANG_CXX_LANGUAGE_STANDARD = "gnu++0x";
				CLANG_CXX_LIBRARY = "libc++";
				CLANG_ENABLE_MODULES = YES;
				CLANG_ENABLE_OBJC_ARC = YES;
				CLANG_WARN_BOOL_CONVERSION = YES;
				CLANG_WARN_CONSTANT_CONVERSION = YES;
				CLANG_WARN_DIRECT_OBJC_ISA_USAGE = YES_ERROR;
				CLANG_WARN_EMPTY_BODY = YES;
				CLANG_WARN_ENUM_CONVERSION = YES;
				CLANG_WARN_INT_CONVERSION = YES;
				CLANG_WARN_OBJC_ROOT_CLASS = YES_ERROR;
				CLANG_WARN_UNREACHABLE_CODE = YES;
				CLANG_WARN__DUPLICATE_METHOD_MATCH = YES;
				"CODE_SIGN_IDENTITY[sdk=iphoneos*]" = "iPhone Developer";
				COPY_PHASE_STRIP = NO;
				DEBUG_INFORMATION_FORMAT = "dwarf-with-dsym";
				ENABLE_NS_ASSERTIONS = NO;
				ENABLE_STRICT_OBJC_MSGSEND = YES;
				GCC_C_LANGUAGE_STANDARD = gnu99;
				GCC_NO_COMMON_BLOCKS = YES;
				GCC_WARN_64_TO_32_BIT_CONVERSION = YES;
				GCC_WARN_ABOUT_RETURN_TYPE = YES_ERROR;
				GCC_WARN_UNDECLARED_SELECTOR = YES;
				GCC_WARN_UNINITIALIZED_AUTOS = YES_AGGRESSIVE;
				GCC_WARN_UNUSED_FUNCTION = YES;
				GCC_WARN_UNUSED_VARIABLE = YES;
				IPHONEOS_DEPLOYMENT_TARGET = 9.2;
				MTL_ENABLE_DEBUG_INFO = NO;
				SDKROOT = iphoneos;
				VALIDATE_PRODUCT = YES;
			};
			name = Release;
		};
		1833C91E1C2EDDBA006DFC0B /* Debug */ = {
			isa = XCBuildConfiguration;
			buildSettings = {
				ASSETCATALOG_COMPILER_APPICON_NAME = AppIcon;
				INFOPLIST_FILE = "Exercise 1/Info.plist";
				LD_RUNPATH_SEARCH_PATHS = "$(inherited) @executable_path/Frameworks";
				PRODUCT_BUNDLE_IDENTIFIER = "com.devslopes.Exercise-1";
				PRODUCT_NAME = "$(TARGET_NAME)";
			};
			name = Debug;
		};
		1833C91F1C2EDDBA006DFC0B /* Release */ = {
			isa = XCBuildConfiguration;
			buildSettings = {
				ASSETCATALOG_COMPILER_APPICON_NAME = AppIcon;
				INFOPLIST_FILE = "Exercise 1/Info.plist";
				LD_RUNPATH_SEARCH_PATHS = "$(inherited) @executable_path/Frameworks";
				PRODUCT_BUNDLE_IDENTIFIER = "com.devslopes.Exercise-1";
				PRODUCT_NAME = "$(TARGET_NAME)";
			};
			name = Release;
		};
		1833C9211C2EDDBA006DFC0B /* Debug */ = {
			isa = XCBuildConfiguration;
			buildSettings = {
				BUNDLE_LOADER = "$(TEST_HOST)";
				INFOPLIST_FILE = "Exercise 1Tests/Info.plist";
				LD_RUNPATH_SEARCH_PATHS = "$(inherited) @executable_path/Frameworks @loader_path/Frameworks";
				PRODUCT_BUNDLE_IDENTIFIER = "com.devslopes.Exercise-1Tests";
				PRODUCT_NAME = "$(TARGET_NAME)";
				TEST_HOST = "$(BUILT_PRODUCTS_DIR)/Exercise 1.app/Exercise 1";
			};
			name = Debug;
		};
		1833C9221C2EDDBA006DFC0B /* Release */ = {
			isa = XCBuildConfiguration;
			buildSettings = {
				BUNDLE_LOADER = "$(TEST_HOST)";
				INFOPLIST_FILE = "Exercise 1Tests/Info.plist";
				LD_RUNPATH_SEARCH_PATHS = "$(inherited) @executable_path/Frameworks @loader_path/Frameworks";
				PRODUCT_BUNDLE_IDENTIFIER = "com.devslopes.Exercise-1Tests";
				PRODUCT_NAME = "$(TARGET_NAME)";
				TEST_HOST = "$(BUILT_PRODUCTS_DIR)/Exercise 1.app/Exercise 1";
			};
			name = Release;
		};
		1833C9241C2EDDBA006DFC0B /* Debug */ = {
			isa = XCBuildConfiguration;
			buildSettings = {
				INFOPLIST_FILE = "Exercise 1UITests/Info.plist";
				LD_RUNPATH_SEARCH_PATHS = "$(inherited) @executable_path/Frameworks @loader_path/Frameworks";
				PRODUCT_BUNDLE_IDENTIFIER = "com.devslopes.Exercise-1UITests";
				PRODUCT_NAME = "$(TARGET_NAME)";
				TEST_TARGET_NAME = "Exercise 1";
				USES_XCTRUNNER = YES;
			};
			name = Debug;
		};
		1833C9251C2EDDBA006DFC0B /* Release */ = {
			isa = XCBuildConfiguration;
			buildSettings = {
				INFOPLIST_FILE = "Exercise 1UITests/Info.plist";
				LD_RUNPATH_SEARCH_PATHS = "$(inherited) @executable_path/Frameworks @loader_path/Frameworks";
				PRODUCT_BUNDLE_IDENTIFIER = "com.devslopes.Exercise-1UITests";
				PRODUCT_NAME = "$(TARGET_NAME)";
				TEST_TARGET_NAME = "Exercise 1";
				USES_XCTRUNNER = YES;
			};
			name = Release;
		};
/* End XCBuildConfiguration section */

/* Begin XCConfigurationList section */
		1833C8F01C2EDDBA006DFC0B /* Build configuration list for PBXProject "Exercise 1" */ = {
			isa = XCConfigurationList;
			buildConfigurations = (
				1833C91B1C2EDDBA006DFC0B /* Debug */,
				1833C91C1C2EDDBA006DFC0B /* Release */,
			);
			defaultConfigurationIsVisible = 0;
			defaultConfigurationName = Release;
		};
		1833C91D1C2EDDBA006DFC0B /* Build configuration list for PBXNativeTarget "Exercise 1" */ = {
			isa = XCConfigurationList;
			buildConfigurations = (
				1833C91E1C2EDDBA006DFC0B /* Debug */,
				1833C91F1C2EDDBA006DFC0B /* Release */,
			);
			defaultConfigurationIsVisible = 0;
		};
		1833C9201C2EDDBA006DFC0B /* Build configuration list for PBXNativeTarget "Exercise 1Tests" */ = {
			isa = XCConfigurationList;
			buildConfigurations = (
				1833C9211C2EDDBA006DFC0B /* Debug */,
				1833C9221C2EDDBA006DFC0B /* Release */,
			);
			defaultConfigurationIsVisible = 0;
		};
		1833C9231C2EDDBA006DFC0B /* Build configuration list for PBXNativeTarget "Exercise 1UITests" */ = {
			isa = XCConfigurationList;
			buildConfigurations = (
				1833C9241C2EDDBA006DFC0B /* Debug */,
				1833C9251C2EDDBA006DFC0B /* Release */,
			);
			defaultConfigurationIsVisible = 0;
		};
/* End XCConfigurationList section */
	};
	rootObject = 1833C8ED1C2EDDBA006DFC0B /* Project object */;
}
